
Microsoft Visual Studio Solution File, Format Version 12.00
# Visual Studio Version 17
VisualStudioVersion = 17.0.31903.59
MinimumVisualStudioVersion = 10.0.40219.1
Project("{2150E333-8FDC-42A3-9474-1A3956D46DE8}") = "src", "src", "{78831AF5-AA51-47F3-B08B-6FF576023380}"
EndProject
Project("{FAE04EC0-301F-11D3-BF4B-00C04F79EFBC}") = "HyperCache.Sdk", "src\HyperCache.Sdk\HyperCache.Sdk.csproj", "{F2D21294-9F55-4E6C-8867-9DFE6455ECB7}"
EndProject
Project("{2150E333-8FDC-42A3-9474-1A3956D46DE8}") = "tests", "tests", "{E1CEC002-2970-43E3-A1E9-E1B796D52FE9}"
EndProject
Project("{FAE04EC0-301F-11D3-BF4B-00C04F79EFBC}") = "HyperCache.Sdk.Tests", "tests\HyperCache.Sdk.Tests\HyperCache.Sdk.Tests.csproj", "{79AEE74E-7280-45F5-86A2-DD8F28927EE0}"
EndProject
Global
	GlobalSection(SolutionConfigurationPlatforms) = preSolution
		Debug|Any CPU = Debug|Any CPU
		Release|Any CPU = Release|Any CPU
	EndGlobalSection
	GlobalSection(SolutionProperties) = preSolution
		HideSolutionNode = FALSE
	EndGlobalSection
	GlobalSection(ProjectConfigurationPlatforms) = postSolution
		{F2D21294-9F55-4E6C-8867-9DFE6455ECB7}.Debug|Any CPU.ActiveCfg = Debug|Any CPU
		{F2D21294-9F55-4E6C-8867-9DFE6455ECB7}.Debug|Any CPU.Build.0 = Debug|Any CPU
		{F2D21294-9F55-4E6C-8867-9DFE6455ECB7}.Release|Any CPU.ActiveCfg = Release|Any CPU
		{F2D21294-9F55-4E6C-8867-9DFE6455ECB7}.Release|Any CPU.Build.0 = Release|Any CPU
		{79AEE74E-7280-45F5-86A2-DD8F28927EE0}.Debug|Any CPU.ActiveCfg = Debug|Any CPU
		{79AEE74E-7280-45F5-86A2-DD8F28927EE0}.Debug|Any CPU.Build.0 = Debug|Any CPU
		{79AEE74E-7280-45F5-86A2-DD8F28927EE0}.Release|Any CPU.ActiveCfg = Release|Any CPU
		{79AEE74E-7280-45F5-86A2-DD8F28927EE0}.Release|Any CPU.Build.0 = Release|Any CPU
	EndGlobalSection
	GlobalSection(NestedProjects) = preSolution
		{F2D21294-9F55-4E6C-8867-9DFE6455ECB7} = {78831AF5-AA51-47F3-B08B-6FF576023380}
		{79AEE74E-7280-45F5-86A2-DD8F28927EE0} = {E1CEC002-2970-43E3-A1E9-E1B796D52FE9}
	EndGlobalSection
EndGlobal
